
Microsoft Visual Studio Solution File, Format Version 11.00
# Visual Studio 2010
Project("{FAE04EC0-301F-11D3-BF4B-00C04F79EFBC}") = "GameOfLifeConsoleApplication", "GolConsoleApplication\GameOfLifeConsoleApplication.csproj", "{A7534755-E7DB-47CB-A16D-0E45F5C6B736}"
EndProject
Project("{FAE04EC0-301F-11D3-BF4B-00C04F79EFBC}") = "GameOfLifeRuleEngine", "GameOfLifeRuleEngine\GameOfLifeRuleEngine.csproj", "{AA6D4F93-3A01-4156-82DB-73223830C615}"
EndProject
Project("{FAE04EC0-301F-11D3-BF4B-00C04F79EFBC}") = "GameOfLifeUILibrary", "GameOfLifeUILibrary\GameOfLifeUILibrary.csproj", "{40B29186-BCB4-42D6-800C-63F5BB89978A}"
EndProject
Project("{FAE04EC0-301F-11D3-BF4B-00C04F79EFBC}") = "GameOfLifeDependencies", "GameOfLifeDependencies\GameOfLifeDependencies.csproj", "{081E9AE4-CD7A-4999-B1EB-8B509F0B2929}"
EndProject
Global
	GlobalSection(SolutionConfigurationPlatforms) = preSolution
		Debug|Any CPU = Debug|Any CPU
		Debug|Mixed Platforms = Debug|Mixed Platforms
		Debug|x86 = Debug|x86
		Release|Any CPU = Release|Any CPU
		Release|Mixed Platforms = Release|Mixed Platforms
		Release|x86 = Release|x86
	EndGlobalSection
	GlobalSection(ProjectConfigurationPlatforms) = postSolution
		{A7534755-E7DB-47CB-A16D-0E45F5C6B736}.Debug|Any CPU.ActiveCfg = Debug|x86
		{A7534755-E7DB-47CB-A16D-0E45F5C6B736}.Debug|Mixed Platforms.ActiveCfg = Debug|x86
		{A7534755-E7DB-47CB-A16D-0E45F5C6B736}.Debug|Mixed Platforms.Build.0 = Debug|x86
		{A7534755-E7DB-47CB-A16D-0E45F5C6B736}.Debug|x86.ActiveCfg = Debug|x86
		{A7534755-E7DB-47CB-A16D-0E45F5C6B736}.Debug|x86.Build.0 = Debug|x86
		{A7534755-E7DB-47CB-A16D-0E45F5C6B736}.Release|Any CPU.ActiveCfg = Release|x86
		{A7534755-E7DB-47CB-A16D-0E45F5C6B736}.Release|Mixed Platforms.ActiveCfg = Release|x86
		{A7534755-E7DB-47CB-A16D-0E45F5C6B736}.Release|Mixed Platforms.Build.0 = Release|x86
		{A7534755-E7DB-47CB-A16D-0E45F5C6B736}.Release|x86.ActiveCfg = Release|x86
		{A7534755-E7DB-47CB-A16D-0E45F5C6B736}.Release|x86.Build.0 = Release|x86
		{AA6D4F93-3A01-4156-82DB-73223830C615}.Debug|Any CPU.ActiveCfg = Debug|Any CPU
		{AA6D4F93-3A01-4156-82DB-73223830C615}.Debug|Any CPU.Build.0 = Debug|Any CPU
		{AA6D4F93-3A01-4156-82DB-73223830C615}.Debug|Mixed Platforms.ActiveCfg = Debug|Any CPU
		{AA6D4F93-3A01-4156-82DB-73223830C615}.Debug|Mixed Platforms.Build.0 = Debug|Any CPU
		{AA6D4F93-3A01-4156-82DB-73223830C615}.Debug|x86.ActiveCfg = Debug|Any CPU
		{AA6D4F93-3A01-4156-82DB-73223830C615}.Release|Any CPU.ActiveCfg = Release|Any CPU
		{AA6D4F93-3A01-4156-82DB-73223830C615}.Release|Any CPU.Build.0 = Release|Any CPU
		{AA6D4F93-3A01-4156-82DB-73223830C615}.Release|Mixed Platforms.ActiveCfg = Release|Any CPU
		{AA6D4F93-3A01-4156-82DB-73223830C615}.Release|Mixed Platforms.Build.0 = Release|Any CPU
		{AA6D4F93-3A01-4156-82DB-73223830C615}.Release|x86.ActiveCfg = Release|Any CPU
		{40B29186-BCB4-42D6-800C-63F5BB89978A}.Debug|Any CPU.ActiveCfg = Debug|Any CPU
		{40B29186-BCB4-42D6-800C-63F5BB89978A}.Debug|Any CPU.Build.0 = Debug|Any CPU
		{40B29186-BCB4-42D6-800C-63F5BB89978A}.Debug|Mixed Platforms.ActiveCfg = Debug|Any CPU
		{40B29186-BCB4-42D6-800C-63F5BB89978A}.Debug|Mixed Platforms.Build.0 = Debug|Any CPU
		{40B29186-BCB4-42D6-800C-63F5BB89978A}.Debug|x86.ActiveCfg = Debug|Any CPU
		{40B29186-BCB4-42D6-800C-63F5BB89978A}.Release|Any CPU.ActiveCfg = Release|Any CPU
		{40B29186-BCB4-42D6-800C-63F5BB89978A}.Release|Any CPU.Build.0 = Release|Any CPU
		{40B29186-BCB4-42D6-800C-63F5BB89978A}.Release|Mixed Platforms.ActiveCfg = Release|Any CPU
		{40B29186-BCB4-42D6-800C-63F5BB89978A}.Release|Mixed Platforms.Build.0 = Release|Any CPU
		{40B29186-BCB4-42D6-800C-63F5BB89978A}.Release|x86.ActiveCfg = Release|Any CPU
		{081E9AE4-CD7A-4999-B1EB-8B509F0B2929}.Debug|Any CPU.ActiveCfg = Debug|Any CPU
		{081E9AE4-CD7A-4999-B1EB-8B509F0B2929}.Debug|Any CPU.Build.0 = Debug|Any CPU
		{081E9AE4-CD7A-4999-B1EB-8B509F0B2929}.Debug|Mixed Platforms.ActiveCfg = Debug|Any CPU
		{081E9AE4-CD7A-4999-B1EB-8B509F0B2929}.Debug|Mixed Platforms.Build.0 = Debug|Any CPU
		{081E9AE4-CD7A-4999-B1EB-8B509F0B2929}.Debug|x86.ActiveCfg = Debug|Any CPU
		{081E9AE4-CD7A-4999-B1EB-8B509F0B2929}.Release|Any CPU.ActiveCfg = Release|Any CPU
		{081E9AE4-CD7A-4999-B1EB-8B509F0B2929}.Release|Any CPU.Build.0 = Release|Any CPU
		{081E9AE4-CD7A-4999-B1EB-8B509F0B2929}.Release|Mixed Platforms.ActiveCfg = Release|Any CPU
		{081E9AE4-CD7A-4999-B1EB-8B509F0B2929}.Release|Mixed Platforms.Build.0 = Release|Any CPU
		{081E9AE4-CD7A-4999-B1EB-8B509F0B2929}.Release|x86.ActiveCfg = Release|Any CPU
	EndGlobalSection
	GlobalSection(SolutionProperties) = preSolution
		HideSolutionNode = FALSE
	EndGlobalSection
EndGlobal
